
Microsoft Visual Studio Solution File, Format Version 12.00
# Visual Studio Version 16
VisualStudioVersion = 16.0.31613.86
MinimumVisualStudioVersion = 10.0.40219.1
Project("{9A19103F-16F7-4668-BE54-9A1E7A4F7556}") = "AppCore", "AppCore\AppCore.csproj", "{6CAC55CC-4D13-4505-B23E-460548C60582}"
EndProject
Project("{9A19103F-16F7-4668-BE54-9A1E7A4F7556}") = "PersonelBirim.DAL", "PersonelBirim.Dal\PersonelBirim.DAL.csproj", "{EA7A5C79-91FF-4E18-8A8B-AACFE1B34067}"
EndProject
Project("{9A19103F-16F7-4668-BE54-9A1E7A4F7556}") = "PersonelBirimBusiness", "PersonelBirimBusiness\PersonelBirimBusiness.csproj", "{F9036890-C447-4F51-98DA-0DA349BB2114}"
EndProject
Project("{FAE04EC0-301F-11D3-BF4B-00C04F79EFBC}") = "PersonelBirim.WebAPI", "PersonelBirim.WebAPI\PersonelBirim.WebAPI.csproj", "{282CEDAD-83E7-493A-AB62-12EDE44924FF}"
EndProject
Global
	GlobalSection(SolutionConfigurationPlatforms) = preSolution
		Debug|Any CPU = Debug|Any CPU
		Release|Any CPU = Release|Any CPU
	EndGlobalSection
	GlobalSection(ProjectConfigurationPlatforms) = postSolution
		{6CAC55CC-4D13-4505-B23E-460548C60582}.Debug|Any CPU.ActiveCfg = Debug|Any CPU
		{6CAC55CC-4D13-4505-B23E-460548C60582}.Debug|Any CPU.Build.0 = Debug|Any CPU
		{6CAC55CC-4D13-4505-B23E-460548C60582}.Release|Any CPU.ActiveCfg = Release|Any CPU
		{6CAC55CC-4D13-4505-B23E-460548C60582}.Release|Any CPU.Build.0 = Release|Any CPU
		{EA7A5C79-91FF-4E18-8A8B-AACFE1B34067}.Debug|Any CPU.ActiveCfg = Debug|Any CPU
		{EA7A5C79-91FF-4E18-8A8B-AACFE1B34067}.Debug|Any CPU.Build.0 = Debug|Any CPU
		{EA7A5C79-91FF-4E18-8A8B-AACFE1B34067}.Release|Any CPU.ActiveCfg = Release|Any CPU
		{EA7A5C79-91FF-4E18-8A8B-AACFE1B34067}.Release|Any CPU.Build.0 = Release|Any CPU
		{F9036890-C447-4F51-98DA-0DA349BB2114}.Debug|Any CPU.ActiveCfg = Debug|Any CPU
		{F9036890-C447-4F51-98DA-0DA349BB2114}.Debug|Any CPU.Build.0 = Debug|Any CPU
		{F9036890-C447-4F51-98DA-0DA349BB2114}.Release|Any CPU.ActiveCfg = Release|Any CPU
		{F9036890-C447-4F51-98DA-0DA349BB2114}.Release|Any CPU.Build.0 = Release|Any CPU
		{282CEDAD-83E7-493A-AB62-12EDE44924FF}.Debug|Any CPU.ActiveCfg = Debug|Any CPU
		{282CEDAD-83E7-493A-AB62-12EDE44924FF}.Debug|Any CPU.Build.0 = Debug|Any CPU
		{282CEDAD-83E7-493A-AB62-12EDE44924FF}.Release|Any CPU.ActiveCfg = Release|Any CPU
		{282CEDAD-83E7-493A-AB62-12EDE44924FF}.Release|Any CPU.Build.0 = Release|Any CPU
	EndGlobalSection
	GlobalSection(SolutionProperties) = preSolution
		HideSolutionNode = FALSE
	EndGlobalSection
	GlobalSection(ExtensibilityGlobals) = postSolution
		SolutionGuid = {42A937AC-93C9-4357-AC09-575D7D0C5447}
	EndGlobalSection
EndGlobal
